
Microsoft Visual Studio Solution File, Format Version 12.00
# Visual Studio Version 16
VisualStudioVersion = 16.0.30330.147
MinimumVisualStudioVersion = 10.0.40219.1
Project("{FAE04EC0-301F-11D3-BF4B-00C04F79EFBC}") = "BHX_2", "BHX_2\BHX_2.csproj", "{190E7B18-41A2-4D81-A53B-1629E303BD07}"
EndProject
Global
	GlobalSection(SolutionConfigurationPlatforms) = preSolution
		Debug|Any CPU = Debug|Any CPU
		Release|Any CPU = Release|Any CPU
	EndGlobalSection
	GlobalSection(ProjectConfigurationPlatforms) = postSolution
		{190E7B18-41A2-4D81-A53B-1629E303BD07}.Debug|Any CPU.ActiveCfg = Debug|Any CPU
		{190E7B18-41A2-4D81-A53B-1629E303BD07}.Debug|Any CPU.Build.0 = Debug|Any CPU
		{190E7B18-41A2-4D81-A53B-1629E303BD07}.Release|Any CPU.ActiveCfg = Release|Any CPU
		{190E7B18-41A2-4D81-A53B-1629E303BD07}.Release|Any CPU.Build.0 = Release|Any CPU
	EndGlobalSection
	GlobalSection(SolutionProperties) = preSolution
		HideSolutionNode = FALSE
	EndGlobalSection
	GlobalSection(ExtensibilityGlobals) = postSolution
		SolutionGuid = {8DF664A1-D513-4ABA-9537-2849E23B6538}
	EndGlobalSection
EndGlobal
